
Microsoft Visual Studio Solution File, Format Version 12.00
# Visual Studio 2012
Project("{FAE04EC0-301F-11D3-BF4B-00C04F79EFBC}") = "HomeApplianceRentalSystem", "HomeApplianceRentalSystem.csproj", "{A2EEAEA2-72F8-42BC-98AC-7C80EB4F1E19}"
EndProject
Global
	GlobalSection(SolutionConfigurationPlatforms) = preSolution
		Debug|Any CPU = Debug|Any CPU
		Release|Any CPU = Release|Any CPU
	EndGlobalSection
	GlobalSection(ProjectConfigurationPlatforms) = postSolution
		{A2EEAEA2-72F8-42BC-98AC-7C80EB4F1E19}.Debug|Any CPU.ActiveCfg = Debug|Any CPU
		{A2EEAEA2-72F8-42BC-98AC-7C80EB4F1E19}.Debug|Any CPU.Build.0 = Debug|Any CPU
		{A2EEAEA2-72F8-42BC-98AC-7C80EB4F1E19}.Release|Any CPU.ActiveCfg = Release|Any CPU
		{A2EEAEA2-72F8-42BC-98AC-7C80EB4F1E19}.Release|Any CPU.Build.0 = Release|Any CPU
	EndGlobalSection
	GlobalSection(SolutionProperties) = preSolution
		HideSolutionNode = FALSE
	EndGlobalSection
EndGlobal
